
Microsoft Visual Studio Solution File, Format Version 12.00
# Visual Studio Version 17
VisualStudioVersion = 17.6.33801.468
MinimumVisualStudioVersion = 10.0.40219.1
Project("{9A19103F-16F7-4668-BE54-9A1E7A4F7556}") = "LMS", "LMS.csproj", "{D3EA207E-8604-4B47-A5CE-00D64F58750E}"
EndProject
Global
	GlobalSection(SolutionConfigurationPlatforms) = preSolution
		Debug|Any CPU = Debug|Any CPU
		Release|Any CPU = Release|Any CPU
	EndGlobalSection
	GlobalSection(ProjectConfigurationPlatforms) = postSolution
		{D3EA207E-8604-4B47-A5CE-00D64F58750E}.Debug|Any CPU.ActiveCfg = Debug|Any CPU
		{D3EA207E-8604-4B47-A5CE-00D64F58750E}.Debug|Any CPU.Build.0 = Debug|Any CPU
		{D3EA207E-8604-4B47-A5CE-00D64F58750E}.Release|Any CPU.ActiveCfg = Debug|Any CPU
		{D3EA207E-8604-4B47-A5CE-00D64F58750E}.Release|Any CPU.Build.0 = Debug|Any CPU
	EndGlobalSection
	GlobalSection(SolutionProperties) = preSolution
		HideSolutionNode = FALSE
	EndGlobalSection
	GlobalSection(ExtensibilityGlobals) = postSolution
		SolutionGuid = {52C3A23E-AF9C-4A0C-A2CD-9D9A575F9763}
	EndGlobalSection
EndGlobal
